github.com/yangjerry110/mytool v0.0.5 h1:uzvJaHmTZNYrAPXFhmWNXnjJcRfq7JLgsxyAhaNJqZY=
github.com/yangjerry110/mytool v0.0.5/go.mod h1:KNCvPFIMGgjxeCWwcxG0M/qR4+kQtdfqwiOCpzU6Lqo=
github.com/yangjerry110/mytool v0.0.6 h1:rs9nVGDH4eXke0M6y4B8/SvsnnlLd9WRTohObXc5uMo=
github.com/yangjerry110/mytool v0.0.6/go.mod h1:KNCvPFIMGgjxeCWwcxG0M/qR4+kQtdfqwiOCpzU6Lqo=
